
Microsoft Visual Studio Solution File, Format Version 12.00
Project("{FAE04EC0-301F-11D3-BF4B-00C04F79EFBC}") = "Testing", "Testing\Testing.csproj", "{C80A7C40-C857-4C33-A20D-0F80DD5F83B3}"
EndProject
Global
	GlobalSection(SolutionConfigurationPlatforms) = preSolution
		Debug|Any CPU = Debug|Any CPU
		Release|Any CPU = Release|Any CPU
	EndGlobalSection
	GlobalSection(ProjectConfigurationPlatforms) = postSolution
		{C80A7C40-C857-4C33-A20D-0F80DD5F83B3}.Debug|Any CPU.ActiveCfg = Debug|Any CPU
		{C80A7C40-C857-4C33-A20D-0F80DD5F83B3}.Debug|Any CPU.Build.0 = Debug|Any CPU
		{C80A7C40-C857-4C33-A20D-0F80DD5F83B3}.Release|Any CPU.ActiveCfg = Release|Any CPU
		{C80A7C40-C857-4C33-A20D-0F80DD5F83B3}.Release|Any CPU.Build.0 = Release|Any CPU
	EndGlobalSection
EndGlobal
